
Microsoft Visual Studio Solution File, Format Version 12.00
# Visual Studio Version 16
VisualStudioVersion = 16.0.31424.327
MinimumVisualStudioVersion = 10.0.40219.1
Project("{FAE04EC0-301F-11D3-BF4B-00C04F79EFBC}") = "BuiltInTypes", "BuiltInTypes\BuiltInTypes.csproj", "{199EBB18-BC10-420F-B89B-A73154CAE424}"
EndProject
Global
	GlobalSection(SolutionConfigurationPlatforms) = preSolution
		Debug|Any CPU = Debug|Any CPU
		Release|Any CPU = Release|Any CPU
	EndGlobalSection
	GlobalSection(ProjectConfigurationPlatforms) = postSolution
		{199EBB18-BC10-420F-B89B-A73154CAE424}.Debug|Any CPU.ActiveCfg = Debug|Any CPU
		{199EBB18-BC10-420F-B89B-A73154CAE424}.Debug|Any CPU.Build.0 = Debug|Any CPU
		{199EBB18-BC10-420F-B89B-A73154CAE424}.Release|Any CPU.ActiveCfg = Release|Any CPU
		{199EBB18-BC10-420F-B89B-A73154CAE424}.Release|Any CPU.Build.0 = Release|Any CPU
	EndGlobalSection
	GlobalSection(SolutionProperties) = preSolution
		HideSolutionNode = FALSE
	EndGlobalSection
	GlobalSection(ExtensibilityGlobals) = postSolution
		SolutionGuid = {25F71778-2B79-4B52-95FB-4D93BDC9279C}
	EndGlobalSection
EndGlobal
