
Microsoft Visual Studio Solution File, Format Version 12.00
# Visual Studio Version 16
VisualStudioVersion = 16.0.31424.327
MinimumVisualStudioVersion = 10.0.40219.1
Project("{FAE04EC0-301F-11D3-BF4B-00C04F79EFBC}") = "ForLoop", "ForLoop\ForLoop.csproj", "{B2E765BF-08C6-4A30-84E2-3E1752DE43B4}"
EndProject
Global
	GlobalSection(SolutionConfigurationPlatforms) = preSolution
		Debug|Any CPU = Debug|Any CPU
		Release|Any CPU = Release|Any CPU
	EndGlobalSection
	GlobalSection(ProjectConfigurationPlatforms) = postSolution
		{B2E765BF-08C6-4A30-84E2-3E1752DE43B4}.Debug|Any CPU.ActiveCfg = Debug|Any CPU
		{B2E765BF-08C6-4A30-84E2-3E1752DE43B4}.Debug|Any CPU.Build.0 = Debug|Any CPU
		{B2E765BF-08C6-4A30-84E2-3E1752DE43B4}.Release|Any CPU.ActiveCfg = Release|Any CPU
		{B2E765BF-08C6-4A30-84E2-3E1752DE43B4}.Release|Any CPU.Build.0 = Release|Any CPU
	EndGlobalSection
	GlobalSection(SolutionProperties) = preSolution
		HideSolutionNode = FALSE
	EndGlobalSection
	GlobalSection(ExtensibilityGlobals) = postSolution
		SolutionGuid = {E4FACCF7-6F60-46B3-BA13-C3F9D5432901}
	EndGlobalSection
EndGlobal
